
Microsoft Visual Studio Solution File, Format Version 12.00
# Visual Studio 15
VisualStudioVersion = 15.0.27703.2018
MinimumVisualStudioVersion = 10.0.40219.1
Project("{FAE04EC0-301F-11D3-BF4B-00C04F79EFBC}") = "NiuBang.Admin", "NiuBang.Admin\NiuBang.Admin.csproj", "{0076D496-DC56-4915-B0D5-55BF2A9F6782}"
EndProject
Global
	GlobalSection(SolutionConfigurationPlatforms) = preSolution
		Debug|Any CPU = Debug|Any CPU
		Release|Any CPU = Release|Any CPU
	EndGlobalSection
	GlobalSection(ProjectConfigurationPlatforms) = postSolution
		{0076D496-DC56-4915-B0D5-55BF2A9F6782}.Debug|Any CPU.ActiveCfg = Debug|Any CPU
		{0076D496-DC56-4915-B0D5-55BF2A9F6782}.Debug|Any CPU.Build.0 = Debug|Any CPU
		{0076D496-DC56-4915-B0D5-55BF2A9F6782}.Release|Any CPU.ActiveCfg = Release|Any CPU
		{0076D496-DC56-4915-B0D5-55BF2A9F6782}.Release|Any CPU.Build.0 = Release|Any CPU
	EndGlobalSection
	GlobalSection(SolutionProperties) = preSolution
		HideSolutionNode = FALSE
	EndGlobalSection
	GlobalSection(ExtensibilityGlobals) = postSolution
		SolutionGuid = {2F85330F-A1F1-4B51-BF40-76DE09993398}
	EndGlobalSection
EndGlobal
